# This file is automatically @generated by Cargo.
# It is not intended for manual editing.
[[package]]
name = "adler32"
version = "1.0.3"
source = "registry+https://github.com/rust-lang/crates.io-index"

[[package]]
name = "alga"
version = "0.9.2"
source = "registry+https://github.com/rust-lang/crates.io-index"
dependencies = [
 "approx 0.3.2 (registry+https://github.com/rust-lang/crates.io-index)",
 "libm 0.1.2 (registry+https://github.com/rust-lang/crates.io-index)",
 "num-complex 0.2.1 (registry+https://github.com/rust-lang/crates.io-index)",
 "num-traits 0.2.6 (registry+https://github.com/rust-lang/crates.io-index)",
]

[[package]]
name = "approx"
version = "0.3.2"
source = "registry+https://github.com/rust-lang/crates.io-index"
dependencies = [
 "num-traits 0.2.6 (registry+https://github.com/rust-lang/crates.io-index)",
]

[[package]]
name = "autocfg"
version = "0.1.7"
source = "registry+https://github.com/rust-lang/crates.io-index"

[[package]]
name = "bitflags"
version = "1.0.4"
source = "registry+https://github.com/rust-lang/crates.io-index"

[[package]]
name = "byteorder"
version = "1.3.1"
source = "registry+https://github.com/rust-lang/crates.io-index"

[[package]]
name = "c2-chacha"
version = "0.2.2"
source = "registry+https://github.com/rust-lang/crates.io-index"
dependencies = [
 "lazy_static 1.3.0 (registry+https://github.com/rust-lang/crates.io-index)",
 "ppv-lite86 0.2.5 (registry+https://github.com/rust-lang/crates.io-index)",
]

[[package]]
name = "cc"
version = "1.0.48"
source = "registry+https://github.com/rust-lang/crates.io-index"

[[package]]
name = "cfg-if"
version = "0.1.7"
source = "registry+https://github.com/rust-lang/crates.io-index"

[[package]]
name = "chrono"
version = "0.4.10"
source = "registry+https://github.com/rust-lang/crates.io-index"
dependencies = [
 "num-integer 0.1.39 (registry+https://github.com/rust-lang/crates.io-index)",
 "num-traits 0.2.6 (registry+https://github.com/rust-lang/crates.io-index)",
 "time 0.1.42 (registry+https://github.com/rust-lang/crates.io-index)",
]

[[package]]
name = "color_quant"
version = "1.0.1"
source = "registry+https://github.com/rust-lang/crates.io-index"

[[package]]
name = "crc32fast"
version = "1.2.0"
source = "registry+https://github.com/rust-lang/crates.io-index"
dependencies = [
 "cfg-if 0.1.7 (registry+https://github.com/rust-lang/crates.io-index)",
]

[[package]]
name = "crossbeam-deque"
version = "0.7.2"
source = "registry+https://github.com/rust-lang/crates.io-index"
dependencies = [
 "crossbeam-epoch 0.8.0 (registry+https://github.com/rust-lang/crates.io-index)",
 "crossbeam-utils 0.7.0 (registry+https://github.com/rust-lang/crates.io-index)",
]

[[package]]
name = "crossbeam-epoch"
version = "0.8.0"
source = "registry+https://github.com/rust-lang/crates.io-index"
dependencies = [
 "autocfg 0.1.7 (registry+https://github.com/rust-lang/crates.io-index)",
 "cfg-if 0.1.7 (registry+https://github.com/rust-lang/crates.io-index)",
 "crossbeam-utils 0.7.0 (registry+https://github.com/rust-lang/crates.io-index)",
 "lazy_static 1.3.0 (registry+https://github.com/rust-lang/crates.io-index)",
 "memoffset 0.5.3 (registry+https://github.com/rust-lang/crates.io-index)",
 "scopeguard 1.0.0 (registry+https://github.com/rust-lang/crates.io-index)",
]

[[package]]
name = "crossbeam-queue"
version = "0.2.0"
source = "registry+https://github.com/rust-lang/crates.io-index"
dependencies = [
 "crossbeam-utils 0.7.0 (registry+https://github.com/rust-lang/crates.io-index)",
]

[[package]]
name = "crossbeam-utils"
version = "0.7.0"
source = "registry+https://github.com/rust-lang/crates.io-index"
dependencies = [
 "autocfg 0.1.7 (registry+https://github.com/rust-lang/crates.io-index)",
 "cfg-if 0.1.7 (registry+https://github.com/rust-lang/crates.io-index)",
 "lazy_static 1.3.0 (registry+https://github.com/rust-lang/crates.io-index)",
]

[[package]]
name = "deflate"
version = "0.7.19"
source = "registry+https://github.com/rust-lang/crates.io-index"
dependencies = [
 "adler32 1.0.3 (registry+https://github.com/rust-lang/crates.io-index)",
 "byteorder 1.3.1 (registry+https://github.com/rust-lang/crates.io-index)",
]

[[package]]
name = "either"
version = "1.5.1"
source = "registry+https://github.com/rust-lang/crates.io-index"

[[package]]
name = "euclid"
version = "0.20.5"
source = "registry+https://github.com/rust-lang/crates.io-index"
dependencies = [
 "num-traits 0.2.6 (registry+https://github.com/rust-lang/crates.io-index)",
]

[[package]]
name = "generic-array"
version = "0.13.2"
source = "registry+https://github.com/rust-lang/crates.io-index"
dependencies = [
 "typenum 1.11.2 (registry+https://github.com/rust-lang/crates.io-index)",
]

[[package]]
name = "getrandom"
version = "0.1.6"
source = "registry+https://github.com/rust-lang/crates.io-index"
dependencies = [
 "lazy_static 1.3.0 (registry+https://github.com/rust-lang/crates.io-index)",
 "libc 0.2.58 (registry+https://github.com/rust-lang/crates.io-index)",
]

[[package]]
name = "gif"
version = "0.10.1"
source = "registry+https://github.com/rust-lang/crates.io-index"
dependencies = [
 "color_quant 1.0.1 (registry+https://github.com/rust-lang/crates.io-index)",
 "lzw 0.10.0 (registry+https://github.com/rust-lang/crates.io-index)",
]

[[package]]
name = "glam"
version = "0.8.2"
source = "registry+https://github.com/rust-lang/crates.io-index"

[[package]]
name = "image"
version = "0.22.3"
source = "registry+https://github.com/rust-lang/crates.io-index"
dependencies = [
 "byteorder 1.3.1 (registry+https://github.com/rust-lang/crates.io-index)",
 "gif 0.10.1 (registry+https://github.com/rust-lang/crates.io-index)",
 "jpeg-decoder 0.1.15 (registry+https://github.com/rust-lang/crates.io-index)",
 "num-iter 0.1.37 (registry+https://github.com/rust-lang/crates.io-index)",
 "num-rational 0.2.1 (registry+https://github.com/rust-lang/crates.io-index)",
 "num-traits 0.2.6 (registry+https://github.com/rust-lang/crates.io-index)",
 "png 0.15.1 (registry+https://github.com/rust-lang/crates.io-index)",
 "scoped_threadpool 0.1.9 (registry+https://github.com/rust-lang/crates.io-index)",
 "tiff 0.3.1 (registry+https://github.com/rust-lang/crates.io-index)",
]

[[package]]
name = "image2"
version = "0.11.3"
source = "registry+https://github.com/rust-lang/crates.io-index"
dependencies = [
 "cc 1.0.48 (registry+https://github.com/rust-lang/crates.io-index)",
 "euclid 0.20.5 (registry+https://github.com/rust-lang/crates.io-index)",
 "lazy_static 1.3.0 (registry+https://github.com/rust-lang/crates.io-index)",
 "num 0.2.0 (registry+https://github.com/rust-lang/crates.io-index)",
 "palette 0.5.0 (registry+https://github.com/rust-lang/crates.io-index)",
 "rayon 1.2.1 (registry+https://github.com/rust-lang/crates.io-index)",
]

[[package]]
name = "inflate"
version = "0.4.5"
source = "registry+https://github.com/rust-lang/crates.io-index"
dependencies = [
 "adler32 1.0.3 (registry+https://github.com/rust-lang/crates.io-index)",
]

[[package]]
name = "jpeg-decoder"
version = "0.1.15"
source = "registry+https://github.com/rust-lang/crates.io-index"
dependencies = [
 "byteorder 1.3.1 (registry+https://github.com/rust-lang/crates.io-index)",
 "rayon 1.2.1 (registry+https://github.com/rust-lang/crates.io-index)",
]

[[package]]
name = "lazy_static"
version = "1.3.0"
source = "registry+https://github.com/rust-lang/crates.io-index"
dependencies = [
 "spin 0.5.0 (registry+https://github.com/rust-lang/crates.io-index)",
]

[[package]]
name = "libc"
version = "0.2.58"
source = "registry+https://github.com/rust-lang/crates.io-index"

[[package]]
name = "libm"
version = "0.1.2"
source = "registry+https://github.com/rust-lang/crates.io-index"

[[package]]
name = "lzw"
version = "0.10.0"
source = "registry+https://github.com/rust-lang/crates.io-index"

[[package]]
name = "matrixmultiply"
version = "0.2.2"
source = "registry+https://github.com/rust-lang/crates.io-index"
dependencies = [
 "rawpointer 0.1.0 (registry+https://github.com/rust-lang/crates.io-index)",
]

[[package]]
name = "memoffset"
version = "0.5.3"
source = "registry+https://github.com/rust-lang/crates.io-index"
dependencies = [
 "rustc_version 0.2.3 (registry+https://github.com/rust-lang/crates.io-index)",
]

[[package]]
name = "nalgebra"
version = "0.19.0"
source = "registry+https://github.com/rust-lang/crates.io-index"
dependencies = [
 "alga 0.9.2 (registry+https://github.com/rust-lang/crates.io-index)",
 "approx 0.3.2 (registry+https://github.com/rust-lang/crates.io-index)",
 "generic-array 0.13.2 (registry+https://github.com/rust-lang/crates.io-index)",
 "matrixmultiply 0.2.2 (registry+https://github.com/rust-lang/crates.io-index)",
 "num-complex 0.2.1 (registry+https://github.com/rust-lang/crates.io-index)",
 "num-rational 0.2.1 (registry+https://github.com/rust-lang/crates.io-index)",
 "num-traits 0.2.6 (registry+https://github.com/rust-lang/crates.io-index)",
 "rand 0.7.2 (registry+https://github.com/rust-lang/crates.io-index)",
 "rand_distr 0.2.2 (registry+https://github.com/rust-lang/crates.io-index)",
 "typenum 1.11.2 (registry+https://github.com/rust-lang/crates.io-index)",
]

[[package]]
name = "num"
version = "0.2.0"
source = "registry+https://github.com/rust-lang/crates.io-index"
dependencies = [
 "num-bigint 0.2.2 (registry+https://github.com/rust-lang/crates.io-index)",
 "num-complex 0.2.1 (registry+https://github.com/rust-lang/crates.io-index)",
 "num-integer 0.1.39 (registry+https://github.com/rust-lang/crates.io-index)",
 "num-iter 0.1.37 (registry+https://github.com/rust-lang/crates.io-index)",
 "num-rational 0.2.1 (registry+https://github.com/rust-lang/crates.io-index)",
 "num-traits 0.2.6 (registry+https://github.com/rust-lang/crates.io-index)",
]

[[package]]
name = "num-bigint"
version = "0.2.2"
source = "registry+https://github.com/rust-lang/crates.io-index"
dependencies = [
 "num-integer 0.1.39 (registry+https://github.com/rust-lang/crates.io-index)",
 "num-traits 0.2.6 (registry+https://github.com/rust-lang/crates.io-index)",
]

[[package]]
name = "num-complex"
version = "0.2.1"
source = "registry+https://github.com/rust-lang/crates.io-index"
dependencies = [
 "num-traits 0.2.6 (registry+https://github.com/rust-lang/crates.io-index)",
]

[[package]]
name = "num-derive"
version = "0.2.4"
source = "registry+https://github.com/rust-lang/crates.io-index"
dependencies = [
 "proc-macro2 0.4.27 (registry+https://github.com/rust-lang/crates.io-index)",
 "quote 0.6.11 (registry+https://github.com/rust-lang/crates.io-index)",
 "syn 0.15.29 (registry+https://github.com/rust-lang/crates.io-index)",
]

[[package]]
name = "num-integer"
version = "0.1.39"
source = "registry+https://github.com/rust-lang/crates.io-index"
dependencies = [
 "num-traits 0.2.6 (registry+https://github.com/rust-lang/crates.io-index)",
]

[[package]]
name = "num-iter"
version = "0.1.37"
source = "registry+https://github.com/rust-lang/crates.io-index"
dependencies = [
 "num-integer 0.1.39 (registry+https://github.com/rust-lang/crates.io-index)",
 "num-traits 0.2.6 (registry+https://github.com/rust-lang/crates.io-index)",
]

[[package]]
name = "num-rational"
version = "0.2.1"
source = "registry+https://github.com/rust-lang/crates.io-index"
dependencies = [
 "num-bigint 0.2.2 (registry+https://github.com/rust-lang/crates.io-index)",
 "num-integer 0.1.39 (registry+https://github.com/rust-lang/crates.io-index)",
 "num-traits 0.2.6 (registry+https://github.com/rust-lang/crates.io-index)",
]

[[package]]
name = "num-traits"
version = "0.2.6"
source = "registry+https://github.com/rust-lang/crates.io-index"

[[package]]
name = "num_cpus"
version = "1.10.0"
source = "registry+https://github.com/rust-lang/crates.io-index"
dependencies = [
 "libc 0.2.58 (registry+https://github.com/rust-lang/crates.io-index)",
]

[[package]]
name = "numtoa"
version = "0.1.0"
source = "registry+https://github.com/rust-lang/crates.io-index"

[[package]]
name = "oidn"
version = "0.2.0"
source = "registry+https://github.com/rust-lang/crates.io-index"

[[package]]
name = "palette"
version = "0.5.0"
source = "registry+https://github.com/rust-lang/crates.io-index"
dependencies = [
 "approx 0.3.2 (registry+https://github.com/rust-lang/crates.io-index)",
 "num-traits 0.2.6 (registry+https://github.com/rust-lang/crates.io-index)",
 "palette_derive 0.5.0 (registry+https://github.com/rust-lang/crates.io-index)",
 "phf 0.8.0 (registry+https://github.com/rust-lang/crates.io-index)",
 "phf_codegen 0.8.0 (registry+https://github.com/rust-lang/crates.io-index)",
]

[[package]]
name = "palette_derive"
version = "0.5.0"
source = "registry+https://github.com/rust-lang/crates.io-index"
dependencies = [
 "proc-macro2 1.0.6 (registry+https://github.com/rust-lang/crates.io-index)",
 "quote 1.0.2 (registry+https://github.com/rust-lang/crates.io-index)",
 "syn 1.0.11 (registry+https://github.com/rust-lang/crates.io-index)",
]

[[package]]
name = "pbr"
version = "1.0.2"
source = "registry+https://github.com/rust-lang/crates.io-index"
dependencies = [
 "libc 0.2.58 (registry+https://github.com/rust-lang/crates.io-index)",
 "termion 1.5.4 (registry+https://github.com/rust-lang/crates.io-index)",
 "time 0.1.42 (registry+https://github.com/rust-lang/crates.io-index)",
 "winapi 0.3.6 (registry+https://github.com/rust-lang/crates.io-index)",
]

[[package]]
name = "phf"
version = "0.8.0"
source = "registry+https://github.com/rust-lang/crates.io-index"
dependencies = [
 "phf_shared 0.8.0 (registry+https://github.com/rust-lang/crates.io-index)",
]

[[package]]
name = "phf_codegen"
version = "0.8.0"
source = "registry+https://github.com/rust-lang/crates.io-index"
dependencies = [
 "phf_generator 0.8.0 (registry+https://github.com/rust-lang/crates.io-index)",
 "phf_shared 0.8.0 (registry+https://github.com/rust-lang/crates.io-index)",
]

[[package]]
name = "phf_generator"
version = "0.8.0"
source = "registry+https://github.com/rust-lang/crates.io-index"
dependencies = [
 "phf_shared 0.8.0 (registry+https://github.com/rust-lang/crates.io-index)",
 "rand 0.7.2 (registry+https://github.com/rust-lang/crates.io-index)",
]

[[package]]
name = "phf_shared"
version = "0.8.0"
source = "registry+https://github.com/rust-lang/crates.io-index"
dependencies = [
 "siphasher 0.3.1 (registry+https://github.com/rust-lang/crates.io-index)",
]

[[package]]
name = "png"
version = "0.15.1"
source = "registry+https://github.com/rust-lang/crates.io-index"
dependencies = [
 "bitflags 1.0.4 (registry+https://github.com/rust-lang/crates.io-index)",
 "crc32fast 1.2.0 (registry+https://github.com/rust-lang/crates.io-index)",
 "deflate 0.7.19 (registry+https://github.com/rust-lang/crates.io-index)",
 "inflate 0.4.5 (registry+https://github.com/rust-lang/crates.io-index)",
]

[[package]]
name = "ppv-lite86"
version = "0.2.5"
source = "registry+https://github.com/rust-lang/crates.io-index"

[[package]]
name = "proc-macro2"
version = "0.4.27"
source = "registry+https://github.com/rust-lang/crates.io-index"
dependencies = [
 "unicode-xid 0.1.0 (registry+https://github.com/rust-lang/crates.io-index)",
]

[[package]]
name = "proc-macro2"
version = "1.0.6"
source = "registry+https://github.com/rust-lang/crates.io-index"
dependencies = [
 "unicode-xid 0.2.0 (registry+https://github.com/rust-lang/crates.io-index)",
]

[[package]]
name = "quote"
version = "0.6.11"
source = "registry+https://github.com/rust-lang/crates.io-index"
dependencies = [
 "proc-macro2 0.4.27 (registry+https://github.com/rust-lang/crates.io-index)",
]

[[package]]
name = "quote"
version = "1.0.2"
source = "registry+https://github.com/rust-lang/crates.io-index"
dependencies = [
 "proc-macro2 1.0.6 (registry+https://github.com/rust-lang/crates.io-index)",
]

[[package]]
name = "rand"
version = "0.7.2"
source = "registry+https://github.com/rust-lang/crates.io-index"
dependencies = [
 "getrandom 0.1.6 (registry+https://github.com/rust-lang/crates.io-index)",
 "libc 0.2.58 (registry+https://github.com/rust-lang/crates.io-index)",
 "rand_chacha 0.2.1 (registry+https://github.com/rust-lang/crates.io-index)",
 "rand_core 0.5.1 (registry+https://github.com/rust-lang/crates.io-index)",
 "rand_hc 0.2.0 (registry+https://github.com/rust-lang/crates.io-index)",
 "rand_pcg 0.2.1 (registry+https://github.com/rust-lang/crates.io-index)",
]

[[package]]
name = "rand_chacha"
version = "0.2.1"
source = "registry+https://github.com/rust-lang/crates.io-index"
dependencies = [
 "c2-chacha 0.2.2 (registry+https://github.com/rust-lang/crates.io-index)",
 "rand_core 0.5.1 (registry+https://github.com/rust-lang/crates.io-index)",
]

[[package]]
name = "rand_core"
version = "0.5.1"
source = "registry+https://github.com/rust-lang/crates.io-index"
dependencies = [
 "getrandom 0.1.6 (registry+https://github.com/rust-lang/crates.io-index)",
]

[[package]]
name = "rand_distr"
version = "0.2.2"
source = "registry+https://github.com/rust-lang/crates.io-index"
dependencies = [
 "rand 0.7.2 (registry+https://github.com/rust-lang/crates.io-index)",
]

[[package]]
name = "rand_hc"
version = "0.2.0"
source = "registry+https://github.com/rust-lang/crates.io-index"
dependencies = [
 "rand_core 0.5.1 (registry+https://github.com/rust-lang/crates.io-index)",
]

[[package]]
name = "rand_pcg"
version = "0.2.1"
source = "registry+https://github.com/rust-lang/crates.io-index"
dependencies = [
 "rand_core 0.5.1 (registry+https://github.com/rust-lang/crates.io-index)",
]

[[package]]
name = "rawpointer"
version = "0.1.0"
source = "registry+https://github.com/rust-lang/crates.io-index"

[[package]]
name = "rayon"
version = "1.2.1"
source = "registry+https://github.com/rust-lang/crates.io-index"
dependencies = [
 "crossbeam-deque 0.7.2 (registry+https://github.com/rust-lang/crates.io-index)",
 "either 1.5.1 (registry+https://github.com/rust-lang/crates.io-index)",
 "rayon-core 1.6.1 (registry+https://github.com/rust-lang/crates.io-index)",
]

[[package]]
name = "rayon-core"
version = "1.6.1"
source = "registry+https://github.com/rust-lang/crates.io-index"
dependencies = [
 "crossbeam-deque 0.7.2 (registry+https://github.com/rust-lang/crates.io-index)",
 "crossbeam-queue 0.2.0 (registry+https://github.com/rust-lang/crates.io-index)",
 "crossbeam-utils 0.7.0 (registry+https://github.com/rust-lang/crates.io-index)",
 "lazy_static 1.3.0 (registry+https://github.com/rust-lang/crates.io-index)",
 "num_cpus 1.10.0 (registry+https://github.com/rust-lang/crates.io-index)",
]

[[package]]
name = "redox_syscall"
version = "0.1.56"
source = "registry+https://github.com/rust-lang/crates.io-index"

[[package]]
name = "redox_termios"
version = "0.1.1"
source = "registry+https://github.com/rust-lang/crates.io-index"
dependencies = [
 "redox_syscall 0.1.56 (registry+https://github.com/rust-lang/crates.io-index)",
]

[[package]]
name = "renderama"
version = "0.19.0"
dependencies = [
 "chrono 0.4.10 (registry+https://github.com/rust-lang/crates.io-index)",
 "glam 0.8.2 (registry+https://github.com/rust-lang/crates.io-index)",
 "image 0.22.3 (registry+https://github.com/rust-lang/crates.io-index)",
 "image2 0.11.3 (registry+https://github.com/rust-lang/crates.io-index)",
 "nalgebra 0.19.0 (registry+https://github.com/rust-lang/crates.io-index)",
 "oidn 0.2.0 (registry+https://github.com/rust-lang/crates.io-index)",
 "pbr 1.0.2 (registry+https://github.com/rust-lang/crates.io-index)",
 "rand 0.7.2 (registry+https://github.com/rust-lang/crates.io-index)",
 "rand_distr 0.2.2 (registry+https://github.com/rust-lang/crates.io-index)",
 "rayon 1.2.1 (registry+https://github.com/rust-lang/crates.io-index)",
 "tobj 0.1.11 (registry+https://github.com/rust-lang/crates.io-index)",
]

[[package]]
name = "rustc_version"
version = "0.2.3"
source = "registry+https://github.com/rust-lang/crates.io-index"
dependencies = [
 "semver 0.9.0 (registry+https://github.com/rust-lang/crates.io-index)",
]

[[package]]
name = "scoped_threadpool"
version = "0.1.9"
source = "registry+https://github.com/rust-lang/crates.io-index"

[[package]]
name = "scopeguard"
version = "1.0.0"
source = "registry+https://github.com/rust-lang/crates.io-index"

[[package]]
name = "semver"
version = "0.9.0"
source = "registry+https://github.com/rust-lang/crates.io-index"
dependencies = [
 "semver-parser 0.7.0 (registry+https://github.com/rust-lang/crates.io-index)",
]

[[package]]
name = "semver-parser"
version = "0.7.0"
source = "registry+https://github.com/rust-lang/crates.io-index"

[[package]]
name = "siphasher"
version = "0.3.1"
source = "registry+https://github.com/rust-lang/crates.io-index"

[[package]]
name = "spin"
version = "0.5.0"
source = "registry+https://github.com/rust-lang/crates.io-index"

[[package]]
name = "syn"
version = "0.15.29"
source = "registry+https://github.com/rust-lang/crates.io-index"
dependencies = [
 "proc-macro2 0.4.27 (registry+https://github.com/rust-lang/crates.io-index)",
 "quote 0.6.11 (registry+https://github.com/rust-lang/crates.io-index)",
 "unicode-xid 0.1.0 (registry+https://github.com/rust-lang/crates.io-index)",
]

[[package]]
name = "syn"
version = "1.0.11"
source = "registry+https://github.com/rust-lang/crates.io-index"
dependencies = [
 "proc-macro2 1.0.6 (registry+https://github.com/rust-lang/crates.io-index)",
 "quote 1.0.2 (registry+https://github.com/rust-lang/crates.io-index)",
 "unicode-xid 0.2.0 (registry+https://github.com/rust-lang/crates.io-index)",
]

[[package]]
name = "termion"
version = "1.5.4"
source = "registry+https://github.com/rust-lang/crates.io-index"
dependencies = [
 "libc 0.2.58 (registry+https://github.com/rust-lang/crates.io-index)",
 "numtoa 0.1.0 (registry+https://github.com/rust-lang/crates.io-index)",
 "redox_syscall 0.1.56 (registry+https://github.com/rust-lang/crates.io-index)",
 "redox_termios 0.1.1 (registry+https://github.com/rust-lang/crates.io-index)",
]

[[package]]
name = "tiff"
version = "0.3.1"
source = "registry+https://github.com/rust-lang/crates.io-index"
dependencies = [
 "byteorder 1.3.1 (registry+https://github.com/rust-lang/crates.io-index)",
 "lzw 0.10.0 (registry+https://github.com/rust-lang/crates.io-index)",
 "num-derive 0.2.4 (registry+https://github.com/rust-lang/crates.io-index)",
 "num-traits 0.2.6 (registry+https://github.com/rust-lang/crates.io-index)",
]

[[package]]
name = "time"
version = "0.1.42"
source = "registry+https://github.com/rust-lang/crates.io-index"
dependencies = [
 "libc 0.2.58 (registry+https://github.com/rust-lang/crates.io-index)",
 "redox_syscall 0.1.56 (registry+https://github.com/rust-lang/crates.io-index)",
 "winapi 0.3.6 (registry+https://github.com/rust-lang/crates.io-index)",
]

[[package]]
name = "tobj"
version = "0.1.11"
source = "registry+https://github.com/rust-lang/crates.io-index"

[[package]]
name = "typenum"
version = "1.11.2"
source = "registry+https://github.com/rust-lang/crates.io-index"

[[package]]
name = "unicode-xid"
version = "0.1.0"
source = "registry+https://github.com/rust-lang/crates.io-index"

[[package]]
name = "unicode-xid"
version = "0.2.0"
source = "registry+https://github.com/rust-lang/crates.io-index"

[[package]]
name = "winapi"
version = "0.3.6"
source = "registry+https://github.com/rust-lang/crates.io-index"
dependencies = [
 "winapi-i686-pc-windows-gnu 0.4.0 (registry+https://github.com/rust-lang/crates.io-index)",
 "winapi-x86_64-pc-windows-gnu 0.4.0 (registry+https://github.com/rust-lang/crates.io-index)",
]

[[package]]
name = "winapi-i686-pc-windows-gnu"
version = "0.4.0"
source = "registry+https://github.com/rust-lang/crates.io-index"

[[package]]
name = "winapi-x86_64-pc-windows-gnu"
version = "0.4.0"
source = "registry+https://github.com/rust-lang/crates.io-index"

[metadata]
"checksum adler32 1.0.3 (registry+https://github.com/rust-lang/crates.io-index)" = "7e522997b529f05601e05166c07ed17789691f562762c7f3b987263d2dedee5c"
"checksum alga 0.9.2 (registry+https://github.com/rust-lang/crates.io-index)" = "658f9468113d34781f6ca9d014d174c74b73de870f1e0e3ad32079bbab253b19"
"checksum approx 0.3.2 (registry+https://github.com/rust-lang/crates.io-index)" = "f0e60b75072ecd4168020818c0107f2857bb6c4e64252d8d3983f6263b40a5c3"
"checksum autocfg 0.1.7 (registry+https://github.com/rust-lang/crates.io-index)" = "1d49d90015b3c36167a20fe2810c5cd875ad504b39cff3d4eae7977e6b7c1cb2"
"checksum bitflags 1.0.4 (registry+https://github.com/rust-lang/crates.io-index)" = "228047a76f468627ca71776ecdebd732a3423081fcf5125585bcd7c49886ce12"
"checksum byteorder 1.3.1 (registry+https://github.com/rust-lang/crates.io-index)" = "a019b10a2a7cdeb292db131fc8113e57ea2a908f6e7894b0c3c671893b65dbeb"
"checksum c2-chacha 0.2.2 (registry+https://github.com/rust-lang/crates.io-index)" = "7d64d04786e0f528460fc884753cf8dddcc466be308f6026f8e355c41a0e4101"
"checksum cc 1.0.48 (registry+https://github.com/rust-lang/crates.io-index)" = "f52a465a666ca3d838ebbf08b241383421412fe7ebb463527bba275526d89f76"
"checksum cfg-if 0.1.7 (registry+https://github.com/rust-lang/crates.io-index)" = "11d43355396e872eefb45ce6342e4374ed7bc2b3a502d1b28e36d6e23c05d1f4"
"checksum chrono 0.4.10 (registry+https://github.com/rust-lang/crates.io-index)" = "31850b4a4d6bae316f7a09e691c944c28299298837edc0a03f755618c23cbc01"
"checksum color_quant 1.0.1 (registry+https://github.com/rust-lang/crates.io-index)" = "0dbbb57365263e881e805dc77d94697c9118fd94d8da011240555aa7b23445bd"
"checksum crc32fast 1.2.0 (registry+https://github.com/rust-lang/crates.io-index)" = "ba125de2af0df55319f41944744ad91c71113bf74a4646efff39afe1f6842db1"
"checksum crossbeam-deque 0.7.2 (registry+https://github.com/rust-lang/crates.io-index)" = "c3aa945d63861bfe624b55d153a39684da1e8c0bc8fba932f7ee3a3c16cea3ca"
"checksum crossbeam-epoch 0.8.0 (registry+https://github.com/rust-lang/crates.io-index)" = "5064ebdbf05ce3cb95e45c8b086f72263f4166b29b97f6baff7ef7fe047b55ac"
"checksum crossbeam-queue 0.2.0 (registry+https://github.com/rust-lang/crates.io-index)" = "dfd6515864a82d2f877b42813d4553292c6659498c9a2aa31bab5a15243c2700"
"checksum crossbeam-utils 0.7.0 (registry+https://github.com/rust-lang/crates.io-index)" = "ce446db02cdc3165b94ae73111e570793400d0794e46125cc4056c81cbb039f4"
"checksum deflate 0.7.19 (registry+https://github.com/rust-lang/crates.io-index)" = "8a6abb26e16e8d419b5c78662aa9f82857c2386a073da266840e474d5055ec86"
"checksum either 1.5.1 (registry+https://github.com/rust-lang/crates.io-index)" = "c67353c641dc847124ea1902d69bd753dee9bb3beff9aa3662ecf86c971d1fac"
"checksum euclid 0.20.5 (registry+https://github.com/rust-lang/crates.io-index)" = "a8813df82772c5ef4c2e9cd4a986773c125ffeafdc08204c9d5c2f06e0abdc17"
"checksum generic-array 0.13.2 (registry+https://github.com/rust-lang/crates.io-index)" = "0ed1e761351b56f54eb9dcd0cfaca9fd0daecf93918e1cfc01c8a3d26ee7adcd"
"checksum getrandom 0.1.6 (registry+https://github.com/rust-lang/crates.io-index)" = "e65cce4e5084b14874c4e7097f38cab54f47ee554f9194673456ea379dcc4c55"
"checksum gif 0.10.1 (registry+https://github.com/rust-lang/crates.io-index)" = "dd4bca55ac1f213920ce3527ccd62386f1f15fa3f1714aeee1cf93f2c416903f"
"checksum glam 0.8.2 (registry+https://github.com/rust-lang/crates.io-index)" = "9e984e7412cd7cce57671037f1f55a625cda90b21d2c6ae3511a3ea6741f840f"
"checksum image 0.22.3 (registry+https://github.com/rust-lang/crates.io-index)" = "7b4be8aaefbe7545dc42ae925afb55a0098f226a3fe5ef721872806f44f57826"
"checksum image2 0.11.3 (registry+https://github.com/rust-lang/crates.io-index)" = "1a1c25cc68957ca26338b86552dab2deb26224eee511760ff35b7fd8ec056a1a"
"checksum inflate 0.4.5 (registry+https://github.com/rust-lang/crates.io-index)" = "1cdb29978cc5797bd8dcc8e5bf7de604891df2a8dc576973d71a281e916db2ff"
"checksum jpeg-decoder 0.1.15 (registry+https://github.com/rust-lang/crates.io-index)" = "c8b7d43206b34b3f94ea9445174bda196e772049b9bddbc620c9d29b2d20110d"
"checksum lazy_static 1.3.0 (registry+https://github.com/rust-lang/crates.io-index)" = "bc5729f27f159ddd61f4df6228e827e86643d4d3e7c32183cb30a1c08f604a14"
"checksum libc 0.2.58 (registry+https://github.com/rust-lang/crates.io-index)" = "6281b86796ba5e4366000be6e9e18bf35580adf9e63fbe2294aadb587613a319"
"checksum libm 0.1.2 (registry+https://github.com/rust-lang/crates.io-index)" = "03c0bb6d5ce1b5cc6fd0578ec1cbc18c9d88b5b591a5c7c1d6c6175e266a0819"
"checksum lzw 0.10.0 (registry+https://github.com/rust-lang/crates.io-index)" = "7d947cbb889ed21c2a84be6ffbaebf5b4e0f4340638cba0444907e38b56be084"
"checksum matrixmultiply 0.2.2 (registry+https://github.com/rust-lang/crates.io-index)" = "dcfed72d871629daa12b25af198f110e8095d7650f5f4c61c5bac28364604f9b"
"checksum memoffset 0.5.3 (registry+https://github.com/rust-lang/crates.io-index)" = "75189eb85871ea5c2e2c15abbdd541185f63b408415e5051f5cac122d8c774b9"
"checksum nalgebra 0.19.0 (registry+https://github.com/rust-lang/crates.io-index)" = "0abb021006c01b126a936a8dd1351e0720d83995f4fc942d0d426c654f990745"
"checksum num 0.2.0 (registry+https://github.com/rust-lang/crates.io-index)" = "cf4825417e1e1406b3782a8ce92f4d53f26ec055e3622e1881ca8e9f5f9e08db"
"checksum num-bigint 0.2.2 (registry+https://github.com/rust-lang/crates.io-index)" = "57450397855d951f1a41305e54851b1a7b8f5d2e349543a02a2effe25459f718"
"checksum num-complex 0.2.1 (registry+https://github.com/rust-lang/crates.io-index)" = "107b9be86cd2481930688277b675b0114578227f034674726605b8a482d8baf8"
"checksum num-derive 0.2.4 (registry+https://github.com/rust-lang/crates.io-index)" = "d9fe8fcafd1b86a37ce8a1cfa15ae504817e0c8c2e7ad42767371461ac1d316d"
"checksum num-integer 0.1.39 (registry+https://github.com/rust-lang/crates.io-index)" = "e83d528d2677f0518c570baf2b7abdcf0cd2d248860b68507bdcb3e91d4c0cea"
"checksum num-iter 0.1.37 (registry+https://github.com/rust-lang/crates.io-index)" = "af3fdbbc3291a5464dc57b03860ec37ca6bf915ed6ee385e7c6c052c422b2124"
"checksum num-rational 0.2.1 (registry+https://github.com/rust-lang/crates.io-index)" = "4e96f040177bb3da242b5b1ecf3f54b5d5af3efbbfb18608977a5d2767b22f10"
"checksum num-traits 0.2.6 (registry+https://github.com/rust-lang/crates.io-index)" = "0b3a5d7cc97d6d30d8b9bc8fa19bf45349ffe46241e8816f50f62f6d6aaabee1"
"checksum num_cpus 1.10.0 (registry+https://github.com/rust-lang/crates.io-index)" = "1a23f0ed30a54abaa0c7e83b1d2d87ada7c3c23078d1d87815af3e3b6385fbba"
"checksum numtoa 0.1.0 (registry+https://github.com/rust-lang/crates.io-index)" = "b8f8bdf33df195859076e54ab11ee78a1b208382d3a26ec40d142ffc1ecc49ef"
"checksum oidn 0.2.0 (registry+https://github.com/rust-lang/crates.io-index)" = "41fd7ef4d3bce0dd898562d003e553d88e0cd277ee8d4e9a369be13859445f7f"
"checksum palette 0.5.0 (registry+https://github.com/rust-lang/crates.io-index)" = "a05c0334468e62a4dfbda34b29110aa7d70d58c7fdb2c9857b5874dd9827cc59"
"checksum palette_derive 0.5.0 (registry+https://github.com/rust-lang/crates.io-index)" = "0b4b5f600e60dd3a147fb57b4547033d382d1979eb087af310e91cb45a63b1f4"
"checksum pbr 1.0.2 (registry+https://github.com/rust-lang/crates.io-index)" = "4403eb718d70c03ee279e51737782902c68cca01e870a33b6a2f9dfb50b9cd83"
"checksum phf 0.8.0 (registry+https://github.com/rust-lang/crates.io-index)" = "3dfb61232e34fcb633f43d12c58f83c1df82962dcdfa565a4e866ffc17dafe12"
"checksum phf_codegen 0.8.0 (registry+https://github.com/rust-lang/crates.io-index)" = "cbffee61585b0411840d3ece935cce9cb6321f01c45477d30066498cd5e1a815"
"checksum phf_generator 0.8.0 (registry+https://github.com/rust-lang/crates.io-index)" = "17367f0cc86f2d25802b2c26ee58a7b23faeccf78a396094c13dced0d0182526"
"checksum phf_shared 0.8.0 (registry+https://github.com/rust-lang/crates.io-index)" = "c00cf8b9eafe68dde5e9eaa2cef8ee84a9336a47d566ec55ca16589633b65af7"
"checksum png 0.15.1 (registry+https://github.com/rust-lang/crates.io-index)" = "1f00ec9242f8e01119e83117dbadf34c5228ac2f1c4ddcd92bffa340d52291de"
"checksum ppv-lite86 0.2.5 (registry+https://github.com/rust-lang/crates.io-index)" = "e3cbf9f658cdb5000fcf6f362b8ea2ba154b9f146a61c7a20d647034c6b6561b"
"checksum proc-macro2 0.4.27 (registry+https://github.com/rust-lang/crates.io-index)" = "4d317f9caece796be1980837fd5cb3dfec5613ebdb04ad0956deea83ce168915"
"checksum proc-macro2 1.0.6 (registry+https://github.com/rust-lang/crates.io-index)" = "9c9e470a8dc4aeae2dee2f335e8f533e2d4b347e1434e5671afc49b054592f27"
"checksum quote 0.6.11 (registry+https://github.com/rust-lang/crates.io-index)" = "cdd8e04bd9c52e0342b406469d494fcb033be4bdbe5c606016defbb1681411e1"
"checksum quote 1.0.2 (registry+https://github.com/rust-lang/crates.io-index)" = "053a8c8bcc71fcce321828dc897a98ab9760bef03a4fc36693c231e5b3216cfe"
"checksum rand 0.7.2 (registry+https://github.com/rust-lang/crates.io-index)" = "3ae1b169243eaf61759b8475a998f0a385e42042370f3a7dbaf35246eacc8412"
"checksum rand_chacha 0.2.1 (registry+https://github.com/rust-lang/crates.io-index)" = "03a2a90da8c7523f554344f921aa97283eadf6ac484a6d2a7d0212fa7f8d6853"
"checksum rand_core 0.5.1 (registry+https://github.com/rust-lang/crates.io-index)" = "90bde5296fc891b0cef12a6d03ddccc162ce7b2aff54160af9338f8d40df6d19"
"checksum rand_distr 0.2.2 (registry+https://github.com/rust-lang/crates.io-index)" = "96977acbdd3a6576fb1d27391900035bf3863d4a16422973a409b488cf29ffb2"
"checksum rand_hc 0.2.0 (registry+https://github.com/rust-lang/crates.io-index)" = "ca3129af7b92a17112d59ad498c6f81eaf463253766b90396d39ea7a39d6613c"
"checksum rand_pcg 0.2.1 (registry+https://github.com/rust-lang/crates.io-index)" = "16abd0c1b639e9eb4d7c50c0b8100b0d0f849be2349829c740fe8e6eb4816429"
"checksum rawpointer 0.1.0 (registry+https://github.com/rust-lang/crates.io-index)" = "ebac11a9d2e11f2af219b8b8d833b76b1ea0e054aa0e8d8e9e4cbde353bdf019"
"checksum rayon 1.2.1 (registry+https://github.com/rust-lang/crates.io-index)" = "43739f8831493b276363637423d3622d4bd6394ab6f0a9c4a552e208aeb7fddd"
"checksum rayon-core 1.6.1 (registry+https://github.com/rust-lang/crates.io-index)" = "f8bf17de6f23b05473c437eb958b9c850bfc8af0961fe17b4cc92d5a627b4791"
"checksum redox_syscall 0.1.56 (registry+https://github.com/rust-lang/crates.io-index)" = "2439c63f3f6139d1b57529d16bc3b8bb855230c8efcc5d3a896c8bea7c3b1e84"
"checksum redox_termios 0.1.1 (registry+https://github.com/rust-lang/crates.io-index)" = "7e891cfe48e9100a70a3b6eb652fef28920c117d366339687bd5576160db0f76"
"checksum rustc_version 0.2.3 (registry+https://github.com/rust-lang/crates.io-index)" = "138e3e0acb6c9fb258b19b67cb8abd63c00679d2851805ea151465464fe9030a"
"checksum scoped_threadpool 0.1.9 (registry+https://github.com/rust-lang/crates.io-index)" = "1d51f5df5af43ab3f1360b429fa5e0152ac5ce8c0bd6485cae490332e96846a8"
"checksum scopeguard 1.0.0 (registry+https://github.com/rust-lang/crates.io-index)" = "b42e15e59b18a828bbf5c58ea01debb36b9b096346de35d941dcb89009f24a0d"
"checksum semver 0.9.0 (registry+https://github.com/rust-lang/crates.io-index)" = "1d7eb9ef2c18661902cc47e535f9bc51b78acd254da71d375c2f6720d9a40403"
"checksum semver-parser 0.7.0 (registry+https://github.com/rust-lang/crates.io-index)" = "388a1df253eca08550bef6c72392cfe7c30914bf41df5269b68cbd6ff8f570a3"
"checksum siphasher 0.3.1 (registry+https://github.com/rust-lang/crates.io-index)" = "83da420ee8d1a89e640d0948c646c1c088758d3a3c538f943bfa97bdac17929d"
"checksum spin 0.5.0 (registry+https://github.com/rust-lang/crates.io-index)" = "44363f6f51401c34e7be73db0db371c04705d35efbe9f7d6082e03a921a32c55"
"checksum syn 0.15.29 (registry+https://github.com/rust-lang/crates.io-index)" = "1825685f977249735d510a242a6727b46efe914bb67e38d30c071b1b72b1d5c2"
"checksum syn 1.0.11 (registry+https://github.com/rust-lang/crates.io-index)" = "dff0acdb207ae2fe6d5976617f887eb1e35a2ba52c13c7234c790960cdad9238"
"checksum termion 1.5.4 (registry+https://github.com/rust-lang/crates.io-index)" = "818ef3700c2a7b447dca1a1dd28341fe635e6ee103c806c636bb9c929991b2cd"
"checksum tiff 0.3.1 (registry+https://github.com/rust-lang/crates.io-index)" = "d7b7c2cfc4742bd8a32f2e614339dd8ce30dbcf676bb262bd63a2327bc5df57d"
"checksum time 0.1.42 (registry+https://github.com/rust-lang/crates.io-index)" = "db8dcfca086c1143c9270ac42a2bbd8a7ee477b78ac8e45b19abfb0cbede4b6f"
"checksum tobj 0.1.11 (registry+https://github.com/rust-lang/crates.io-index)" = "1ed6f4ec3b7c466b7a72471179e55e2b6a7452b53691b6115185132fc2e06b1c"
"checksum typenum 1.11.2 (registry+https://github.com/rust-lang/crates.io-index)" = "6d2783fe2d6b8c1101136184eb41be8b1ad379e4657050b8aaff0c79ee7575f9"
"checksum unicode-xid 0.1.0 (registry+https://github.com/rust-lang/crates.io-index)" = "fc72304796d0818e357ead4e000d19c9c174ab23dc11093ac919054d20a6a7fc"
"checksum unicode-xid 0.2.0 (registry+https://github.com/rust-lang/crates.io-index)" = "826e7639553986605ec5979c7dd957c7895e93eabed50ab2ffa7f6128a75097c"
"checksum winapi 0.3.6 (registry+https://github.com/rust-lang/crates.io-index)" = "92c1eb33641e276cfa214a0522acad57be5c56b10cb348b3c5117db75f3ac4b0"
"checksum winapi-i686-pc-windows-gnu 0.4.0 (registry+https://github.com/rust-lang/crates.io-index)" = "ac3b87c63620426dd9b991e5ce0329eff545bccbbb34f3be09ff6fb6ab51b7b6"
"checksum winapi-x86_64-pc-windows-gnu 0.4.0 (registry+https://github.com/rust-lang/crates.io-index)" = "712e227841d057c1ee1cd2fb22fa7e5a5461ae8e48fa2ca79ec42cfc1931183f"
